<?xml version="1.0" encoding="utf-8"?>
<Project ToolsVersion="17.0" xmlns="http://schemas.microsoft.com/developer/msbuild/2003">
  <ItemGroup>
    <ClCompile Include="\\Mac\Home\Documents\Programming\CLionProjects\с\SPBU\1 course\Homeworks\HW_7\HW_7_pro_max\Task1.c">
      <Filter>Source Files</Filter>
    </ClCompile>
    <ClCompile Include="\\Mac\Home\Documents\Programming\CLionProjects\с\SPBU\1 course\Homeworks\HW_7\HW_7_pro_max\main.c">
      <Filter>Source Files</Filter>
    </ClCompile>
    <ClCompile Include="\\Mac\Home\Documents\Programming\CLionProjects\с\SPBU\1 course\Homeworks\HW_7\HW_7_pro_max\Task2.c">
      <Filter>Source Files</Filter>
    </ClCompile>
  </ItemGroup>
  <ItemGroup>
    <ClInclude Include="\\Mac\Home\Documents\Programming\CLionProjects\с\SPBU\1 course\Homeworks\HW_7\HW_7_pro_max\Task1.h">
      <Filter>Header Files</Filter>
    </ClInclude>
    <ClInclude Include="\\Mac\Home\Documents\Programming\CLionProjects\с\SPBU\1 course\Homeworks\HW_7\HW_7_pro_max\Tasks.h">
      <Filter>Header Files</Filter>
    </ClInclude>
    <ClInclude Include="\\Mac\Home\Documents\Programming\CLionProjects\с\SPBU\1 course\Homeworks\HW_7\HW_7_pro_max\Task2.h">
      <Filter>Header Files</Filter>
    </ClInclude>
    <ClInclude Include="\\Mac\Home\Documents\Programming\CLionProjects\с\SPBU\1 course\Homeworks\HW_7\HW_7_pro_max\sys.h">
      <Filter>Header Files</Filter>
    </ClInclude>
  </ItemGroup>
  <ItemGroup>
    <CustomBuild Include="\\Mac\Home\Documents\Programming\CLionProjects\с\SPBU\1 course\Homeworks\HW_7\HW_7_pro_max\CMakeLists.txt" />
  </ItemGroup>
  <ItemGroup>
    <Filter Include="Header Files">
      <UniqueIdentifier>{EEF601AA-C26E-3B93-B4D3-2BC79B8BDFDE}</UniqueIdentifier>
    </Filter>
    <Filter Include="Source Files">
      <UniqueIdentifier>{234521DF-387C-3F6D-9A41-7CD271C7AC09}</UniqueIdentifier>
    </Filter>
  </ItemGroup>
</Project>
