
Microsoft Visual Studio Solution File, Format Version 12.00
# Visual Studio Version 17
Project("{2150E333-8FDC-42A3-9474-1A3956D46DE8}") = "CMakePredefinedTargets", "CMakePredefinedTargets", "{11DF9F10-70C6-3F8F-A999-6575CE785F5C}"
EndProject
Project("{8BC9CEB8-8B4A-11D0-8D11-00A0C91BC942}") = "ALL_BUILD", "ALL_BUILD.vcxproj", "{4C425D30-D50F-3E76-864C-0DBA8DB66377}"
	ProjectSection(ProjectDependencies) = postProject
		{972AD664-7DBD-3FAB-AD95-03BE10CED1F7} = {972AD664-7DBD-3FAB-AD95-03BE10CED1F7}
		{DD3DA190-4808-3A37-9B04-E01432095D46} = {DD3DA190-4808-3A37-9B04-E01432095D46}
	EndProjectSection
EndProject
Project("{8BC9CEB8-8B4A-11D0-8D11-00A0C91BC942}") = "HW_7_pro_max", "HW_7_pro_max.vcxproj", "{972AD664-7DBD-3FAB-AD95-03BE10CED1F7}"
	ProjectSection(ProjectDependencies) = postProject
		{DD3DA190-4808-3A37-9B04-E01432095D46} = {DD3DA190-4808-3A37-9B04-E01432095D46}
	EndProjectSection
EndProject
Project("{8BC9CEB8-8B4A-11D0-8D11-00A0C91BC942}") = "ZERO_CHECK", "ZERO_CHECK.vcxproj", "{DD3DA190-4808-3A37-9B04-E01432095D46}"
	ProjectSection(ProjectDependencies) = postProject
	EndProjectSection
EndProject
Global
	GlobalSection(SolutionConfigurationPlatforms) = preSolution
		Debug|ARM64 = Debug|ARM64
		Release|ARM64 = Release|ARM64
		MinSizeRel|ARM64 = MinSizeRel|ARM64
		RelWithDebInfo|ARM64 = RelWithDebInfo|ARM64
	EndGlobalSection
	GlobalSection(ProjectConfigurationPlatforms) = postSolution
		{4C425D30-D50F-3E76-864C-0DBA8DB66377}.Debug|ARM64.ActiveCfg = Debug|ARM64
		{4C425D30-D50F-3E76-864C-0DBA8DB66377}.Release|ARM64.ActiveCfg = Release|ARM64
		{4C425D30-D50F-3E76-864C-0DBA8DB66377}.MinSizeRel|ARM64.ActiveCfg = MinSizeRel|ARM64
		{4C425D30-D50F-3E76-864C-0DBA8DB66377}.RelWithDebInfo|ARM64.ActiveCfg = RelWithDebInfo|ARM64
		{972AD664-7DBD-3FAB-AD95-03BE10CED1F7}.Debug|ARM64.ActiveCfg = Debug|ARM64
		{972AD664-7DBD-3FAB-AD95-03BE10CED1F7}.Debug|ARM64.Build.0 = Debug|ARM64
		{972AD664-7DBD-3FAB-AD95-03BE10CED1F7}.Release|ARM64.ActiveCfg = Release|ARM64
		{972AD664-7DBD-3FAB-AD95-03BE10CED1F7}.Release|ARM64.Build.0 = Release|ARM64
		{972AD664-7DBD-3FAB-AD95-03BE10CED1F7}.MinSizeRel|ARM64.ActiveCfg = MinSizeRel|ARM64
		{972AD664-7DBD-3FAB-AD95-03BE10CED1F7}.MinSizeRel|ARM64.Build.0 = MinSizeRel|ARM64
		{972AD664-7DBD-3FAB-AD95-03BE10CED1F7}.RelWithDebInfo|ARM64.ActiveCfg = RelWithDebInfo|ARM64
		{972AD664-7DBD-3FAB-AD95-03BE10CED1F7}.RelWithDebInfo|ARM64.Build.0 = RelWithDebInfo|ARM64
		{DD3DA190-4808-3A37-9B04-E01432095D46}.Debug|ARM64.ActiveCfg = Debug|ARM64
		{DD3DA190-4808-3A37-9B04-E01432095D46}.Debug|ARM64.Build.0 = Debug|ARM64
		{DD3DA190-4808-3A37-9B04-E01432095D46}.Release|ARM64.ActiveCfg = Release|ARM64
		{DD3DA190-4808-3A37-9B04-E01432095D46}.Release|ARM64.Build.0 = Release|ARM64
		{DD3DA190-4808-3A37-9B04-E01432095D46}.MinSizeRel|ARM64.ActiveCfg = MinSizeRel|ARM64
		{DD3DA190-4808-3A37-9B04-E01432095D46}.MinSizeRel|ARM64.Build.0 = MinSizeRel|ARM64
		{DD3DA190-4808-3A37-9B04-E01432095D46}.RelWithDebInfo|ARM64.ActiveCfg = RelWithDebInfo|ARM64
		{DD3DA190-4808-3A37-9B04-E01432095D46}.RelWithDebInfo|ARM64.Build.0 = RelWithDebInfo|ARM64
	EndGlobalSection
	GlobalSection(NestedProjects) = preSolution
		{4C425D30-D50F-3E76-864C-0DBA8DB66377} = {11DF9F10-70C6-3F8F-A999-6575CE785F5C}
		{DD3DA190-4808-3A37-9B04-E01432095D46} = {11DF9F10-70C6-3F8F-A999-6575CE785F5C}
	EndGlobalSection
	GlobalSection(ExtensibilityGlobals) = postSolution
		SolutionGuid = {47FA6022-EFC4-3CB3-8D6E-295263737512}
	EndGlobalSection
	GlobalSection(ExtensibilityAddIns) = postSolution
	EndGlobalSection
EndGlobal
