<?xml version="1.0" encoding="utf-8"?>
<Project ToolsVersion="17.0" xmlns="http://schemas.microsoft.com/developer/msbuild/2003">
  <ItemGroup>
    <CustomBuild Include="\\Mac\Home\Documents\Programming\CLionProjects\с\SPBU\1 course\Homeworks\HW_7\HW_7_pro_max\шиндовс_build\CMakeFiles\ff4e60d181eb3f449cd72d7ea90c6dde\generate.stamp.rule">
      <Filter>CMake Rules</Filter>
    </CustomBuild>
  </ItemGroup>
  <ItemGroup>
    <Filter Include="CMake Rules">
      <UniqueIdentifier>{2A24EA75-F5AC-3B47-AACE-64824267ECA3}</UniqueIdentifier>
    </Filter>
  </ItemGroup>
</Project>
